// !$*UTF8*$!
{
	archiveVersion = 1;
	classes = {
	};
	objectVersion = 55;
	objects = {

/* Begin PBXBuildFile section */
		D30641F628CC24660051BCBD /* RemoteValueProviderView.swift in Sources */ = {isa = PBXBuildFile; fileRef = D30641F228CC24660051BCBD /* RemoteValueProviderView.swift */; };
		D30641F728CC24660051BCBD /* RemoteValueProvider.swift in Sources */ = {isa = PBXBuildFile; fileRef = D30641F328CC24660051BCBD /* RemoteValueProvider.swift */; };
		D30641F828CC24660051BCBD /* DemoConfiguration.swift in Sources */ = {isa = PBXBuildFile; fileRef = D30641F428CC24660051BCBD /* DemoConfiguration.swift */; };
		D30641F928CC24660051BCBD /* TogglesDemoApp.swift in Sources */ = {isa = PBXBuildFile; fileRef = D30641F528CC24660051BCBD /* TogglesDemoApp.swift */; };
		D35966BC28DFD2F50068FD1A /* HugeDemoDatasource.json in Resources */ = {isa = PBXBuildFile; fileRef = D35966BB28DFD2F50068FD1A /* HugeDemoDatasource.json */; };
		D3C75C2028D7C33600E659ED /* CypherConfiguration+Defaults.swift in Sources */ = {isa = PBXBuildFile; fileRef = D3C75C1F28D7C33600E659ED /* CypherConfiguration+Defaults.swift */; };
		D3C75C2228D88BD600E659ED /* DemoView.swift in Sources */ = {isa = PBXBuildFile; fileRef = D3C75C2128D88BD600E659ED /* DemoView.swift */; };
		D3D0631928B6C68B003110E2 /* Assets.xcassets in Resources */ = {isa = PBXBuildFile; fileRef = D3D0631828B6C68B003110E2 /* Assets.xcassets */; };
		D3D0631C28B6C68B003110E2 /* Preview Assets.xcassets in Resources */ = {isa = PBXBuildFile; fileRef = D3D0631B28B6C68B003110E2 /* Preview Assets.xcassets */; };
		D3D8E90728CD556600B0D5E8 /* DemoDatasource.json in Resources */ = {isa = PBXBuildFile; fileRef = D3D8E90628CD556600B0D5E8 /* DemoDatasource.json */; };
		D3F41CFC28D5367C00E56F65 /* Constant.swift in Sources */ = {isa = PBXBuildFile; fileRef = D3F41CFA28D5367C00E56F65 /* Constant.swift */; };
		D3F41CFD28D5367C00E56F65 /* ToggleAccessor.swift in Sources */ = {isa = PBXBuildFile; fileRef = D3F41CFB28D5367C00E56F65 /* ToggleAccessor.swift */; };
		D3F41D0A28D53ED500E56F65 /* Toggles in Frameworks */ = {isa = PBXBuildFile; productRef = D3F41D0928D53ED500E56F65 /* Toggles */; };
		D3F41D0C28D5423200E56F65 /* ToggleAccessorView.swift in Sources */ = {isa = PBXBuildFile; fileRef = D3F41D0B28D5423200E56F65 /* ToggleAccessorView.swift */; };
		D3F41D0E28D5459E00E56F65 /* ToggleObservablesView.swift in Sources */ = {isa = PBXBuildFile; fileRef = D3F41D0D28D5459E00E56F65 /* ToggleObservablesView.swift */; };
/* End PBXBuildFile section */

/* Begin PBXFileReference section */
		D30641F228CC24660051BCBD /* RemoteValueProviderView.swift */ = {isa = PBXFileReference; fileEncoding = 4; lastKnownFileType = sourcecode.swift; path = RemoteValueProviderView.swift; sourceTree = "<group>"; };
		D30641F328CC24660051BCBD /* RemoteValueProvider.swift */ = {isa = PBXFileReference; fileEncoding = 4; lastKnownFileType = sourcecode.swift; path = RemoteValueProvider.swift; sourceTree = "<group>"; };
		D30641F428CC24660051BCBD /* DemoConfiguration.swift */ = {isa = PBXFileReference; fileEncoding = 4; lastKnownFileType = sourcecode.swift; path = DemoConfiguration.swift; sourceTree = "<group>"; };
		D30641F528CC24660051BCBD /* TogglesDemoApp.swift */ = {isa = PBXFileReference; fileEncoding = 4; lastKnownFileType = sourcecode.swift; path = TogglesDemoApp.swift; sourceTree = "<group>"; };
		D35966BB28DFD2F50068FD1A /* HugeDemoDatasource.json */ = {isa = PBXFileReference; fileEncoding = 4; lastKnownFileType = text.json; path = HugeDemoDatasource.json; sourceTree = "<group>"; };
		D3C75C1F28D7C33600E659ED /* CypherConfiguration+Defaults.swift */ = {isa = PBXFileReference; fileEncoding = 4; lastKnownFileType = sourcecode.swift; name = "CypherConfiguration+Defaults.swift"; path = "TogglesDemo/Sources/CypherConfiguration+Defaults.swift"; sourceTree = SOURCE_ROOT; };
		D3C75C2128D88BD600E659ED /* DemoView.swift */ = {isa = PBXFileReference; lastKnownFileType = sourcecode.swift; path = DemoView.swift; sourceTree = "<group>"; };
		D3D0631128B6C68A003110E2 /* TogglesDemo.app */ = {isa = PBXFileReference; explicitFileType = wrapper.application; includeInIndex = 0; path = TogglesDemo.app; sourceTree = BUILT_PRODUCTS_DIR; };
		D3D0631828B6C68B003110E2 /* Assets.xcassets */ = {isa = PBXFileReference; lastKnownFileType = folder.assetcatalog; path = Assets.xcassets; sourceTree = "<group>"; };
		D3D0631B28B6C68B003110E2 /* Preview Assets.xcassets */ = {isa = PBXFileReference; lastKnownFileType = folder.assetcatalog; path = "Preview Assets.xcassets"; sourceTree = "<group>"; };
		D3D8E90628CD556600B0D5E8 /* DemoDatasource.json */ = {isa = PBXFileReference; fileEncoding = 4; indentWidth = 2; lastKnownFileType = text.json; path = DemoDatasource.json; sourceTree = "<group>"; };
		D3F41CFA28D5367C00E56F65 /* Constant.swift */ = {isa = PBXFileReference; fileEncoding = 4; lastKnownFileType = sourcecode.swift; path = Constant.swift; sourceTree = "<group>"; };
		D3F41CFB28D5367C00E56F65 /* ToggleAccessor.swift */ = {isa = PBXFileReference; fileEncoding = 4; lastKnownFileType = sourcecode.swift; path = ToggleAccessor.swift; sourceTree = "<group>"; };
		D3F41D0828D53ECA00E56F65 /* Toggles */ = {isa = PBXFileReference; lastKnownFileType = wrapper; name = Toggles; path = ..; sourceTree = "<group>"; };
		D3F41D0B28D5423200E56F65 /* ToggleAccessorView.swift */ = {isa = PBXFileReference; lastKnownFileType = sourcecode.swift; path = ToggleAccessorView.swift; sourceTree = "<group>"; };
		D3F41D0D28D5459E00E56F65 /* ToggleObservablesView.swift */ = {isa = PBXFileReference; fileEncoding = 4; lastKnownFileType = sourcecode.swift; path = ToggleObservablesView.swift; sourceTree = "<group>"; };
/* End PBXFileReference section */

/* Begin PBXFrameworksBuildPhase section */
		D3D0630E28B6C68A003110E2 /* Frameworks */ = {
			isa = PBXFrameworksBuildPhase;
			buildActionMask = 2147483647;
			files = (
				D3F41D0A28D53ED500E56F65 /* Toggles in Frameworks */,
			);
			runOnlyForDeploymentPostprocessing = 0;
		};
/* End PBXFrameworksBuildPhase section */

/* Begin PBXGroup section */
		D30641F128CC24660051BCBD /* Sources */ = {
			isa = PBXGroup;
			children = (
				D3F41D0F28D548AD00E56F65 /* Views */,
				D3F41D1028D548C800E56F65 /* Providers */,
				D30641F428CC24660051BCBD /* DemoConfiguration.swift */,
				D30641F528CC24660051BCBD /* TogglesDemoApp.swift */,
				D3C75C2128D88BD600E659ED /* DemoView.swift */,
			);
			path = Sources;
			sourceTree = "<group>";
		};
		D34E805B28BC1FCA007CCCB6 /* Resources */ = {
			isa = PBXGroup;
			children = (
				D35966BB28DFD2F50068FD1A /* HugeDemoDatasource.json */,
				D3D8E90628CD556600B0D5E8 /* DemoDatasource.json */,
			);
			path = Resources;
			sourceTree = "<group>";
		};
		D3D0630828B6C68A003110E2 = {
			isa = PBXGroup;
			children = (
				D3D0632D28B6C8CF003110E2 /* Packages */,
				D3D0631328B6C68A003110E2 /* TogglesDemo */,
				D3D0631228B6C68A003110E2 /* Products */,
				D3D0632A28B6C7FB003110E2 /* Frameworks */,
			);
			sourceTree = "<group>";
		};
		D3D0631228B6C68A003110E2 /* Products */ = {
			isa = PBXGroup;
			children = (
				D3D0631128B6C68A003110E2 /* TogglesDemo.app */,
			);
			name = Products;
			sourceTree = "<group>";
		};
		D3D0631328B6C68A003110E2 /* TogglesDemo */ = {
			isa = PBXGroup;
			children = (
				D3F41CF928D5367C00E56F65 /* GeneratedCode */,
				D30641F128CC24660051BCBD /* Sources */,
				D34E805B28BC1FCA007CCCB6 /* Resources */,
				D3D0631828B6C68B003110E2 /* Assets.xcassets */,
				D3D0631A28B6C68B003110E2 /* Preview Content */,
			);
			path = TogglesDemo;
			sourceTree = "<group>";
		};
		D3D0631A28B6C68B003110E2 /* Preview Content */ = {
			isa = PBXGroup;
			children = (
				D3D0631B28B6C68B003110E2 /* Preview Assets.xcassets */,
			);
			path = "Preview Content";
			sourceTree = "<group>";
		};
		D3D0632A28B6C7FB003110E2 /* Frameworks */ = {
			isa = PBXGroup;
			children = (
			);
			name = Frameworks;
			sourceTree = "<group>";
		};
		D3D0632D28B6C8CF003110E2 /* Packages */ = {
			isa = PBXGroup;
			children = (
				D3F41D0828D53ECA00E56F65 /* Toggles */,
			);
			name = Packages;
			sourceTree = "<group>";
		};
		D3F41CF928D5367C00E56F65 /* GeneratedCode */ = {
			isa = PBXGroup;
			children = (
				D3F41CFA28D5367C00E56F65 /* Constant.swift */,
				D3F41CFB28D5367C00E56F65 /* ToggleAccessor.swift */,
			);
			path = GeneratedCode;
			sourceTree = "<group>";
		};
		D3F41D0F28D548AD00E56F65 /* Views */ = {
			isa = PBXGroup;
			children = (
				D30641F228CC24660051BCBD /* RemoteValueProviderView.swift */,
				D3F41D0D28D5459E00E56F65 /* ToggleObservablesView.swift */,
				D3F41D0B28D5423200E56F65 /* ToggleAccessorView.swift */,
				D3C75C1F28D7C33600E659ED /* CypherConfiguration+Defaults.swift */,
			);
			path = Views;
			sourceTree = "<group>";
		};
		D3F41D1028D548C800E56F65 /* Providers */ = {
			isa = PBXGroup;
			children = (
				D30641F328CC24660051BCBD /* RemoteValueProvider.swift */,
			);
			path = Providers;
			sourceTree = "<group>";
		};
/* End PBXGroup section */

/* Begin PBXNativeTarget section */
		D3D0631028B6C68A003110E2 /* TogglesDemo */ = {
			isa = PBXNativeTarget;
			buildConfigurationList = D3D0631F28B6C68B003110E2 /* Build configuration list for PBXNativeTarget "TogglesDemo" */;
			buildPhases = (
				D3D0630D28B6C68A003110E2 /* Sources */,
				D3D0630E28B6C68A003110E2 /* Frameworks */,
				D3D0630F28B6C68A003110E2 /* Resources */,
			);
			buildRules = (
			);
			dependencies = (
			);
			name = TogglesDemo;
			packageProductDependencies = (
				D3F41D0928D53ED500E56F65 /* Toggles */,
			);
			productName = TogglesDemo;
			productReference = D3D0631128B6C68A003110E2 /* TogglesDemo.app */;
			productType = "com.apple.product-type.application";
		};
/* End PBXNativeTarget section */

/* Begin PBXProject section */
		D3D0630928B6C68A003110E2 /* Project object */ = {
			isa = PBXProject;
			attributes = {
				BuildIndependentTargetsInParallel = 1;
				LastSwiftUpdateCheck = 1340;
				LastUpgradeCheck = 1340;
				TargetAttributes = {
					D3D0631028B6C68A003110E2 = {
						CreatedOnToolsVersion = 13.4.1;
					};
				};
			};
			buildConfigurationList = D3D0630C28B6C68A003110E2 /* Build configuration list for PBXProject "TogglesDemo" */;
			compatibilityVersion = "Xcode 13.0";
			developmentRegion = en;
			hasScannedForEncodings = 0;
			knownRegions = (
				en,
				Base,
			);
			mainGroup = D3D0630828B6C68A003110E2;
			productRefGroup = D3D0631228B6C68A003110E2 /* Products */;
			projectDirPath = "";
			projectRoot = "";
			targets = (
				D3D0631028B6C68A003110E2 /* TogglesDemo */,
			);
		};
/* End PBXProject section */

/* Begin PBXResourcesBuildPhase section */
		D3D0630F28B6C68A003110E2 /* Resources */ = {
			isa = PBXResourcesBuildPhase;
			buildActionMask = 2147483647;
			files = (
				D3D0631C28B6C68B003110E2 /* Preview Assets.xcassets in Resources */,
				D35966BC28DFD2F50068FD1A /* HugeDemoDatasource.json in Resources */,
				D3D0631928B6C68B003110E2 /* Assets.xcassets in Resources */,
				D3D8E90728CD556600B0D5E8 /* DemoDatasource.json in Resources */,
			);
			runOnlyForDeploymentPostprocessing = 0;
		};
/* End PBXResourcesBuildPhase section */

/* Begin PBXSourcesBuildPhase section */
		D3D0630D28B6C68A003110E2 /* Sources */ = {
			isa = PBXSourcesBuildPhase;
			buildActionMask = 2147483647;
			files = (
				D30641F628CC24660051BCBD /* RemoteValueProviderView.swift in Sources */,
				D30641F928CC24660051BCBD /* TogglesDemoApp.swift in Sources */,
				D3F41CFD28D5367C00E56F65 /* ToggleAccessor.swift in Sources */,
				D3C75C2228D88BD600E659ED /* DemoView.swift in Sources */,
				D3F41D0E28D5459E00E56F65 /* ToggleObservablesView.swift in Sources */,
				D3C75C2028D7C33600E659ED /* CypherConfiguration+Defaults.swift in Sources */,
				D3F41D0C28D5423200E56F65 /* ToggleAccessorView.swift in Sources */,
				D30641F728CC24660051BCBD /* RemoteValueProvider.swift in Sources */,
				D30641F828CC24660051BCBD /* DemoConfiguration.swift in Sources */,
				D3F41CFC28D5367C00E56F65 /* Constant.swift in Sources */,
			);
			runOnlyForDeploymentPostprocessing = 0;
		};
/* End PBXSourcesBuildPhase section */

/* Begin XCBuildConfiguration section */
		D3D0631D28B6C68B003110E2 /* Debug */ = {
			isa = XCBuildConfiguration;
			buildSettings = {
				ALWAYS_SEARCH_USER_PATHS = NO;
				CLANG_ANALYZER_NONNULL = YES;
				CLANG_ANALYZER_NUMBER_OBJECT_CONVERSION = YES_AGGRESSIVE;
				CLANG_CXX_LANGUAGE_STANDARD = "gnu++17";
				CLANG_ENABLE_MODULES = YES;
				CLANG_ENABLE_OBJC_ARC = YES;
				CLANG_ENABLE_OBJC_WEAK = YES;
				CLANG_WARN_BLOCK_CAPTURE_AUTORELEASING = YES;
				CLANG_WARN_BOOL_CONVERSION = YES;
				CLANG_WARN_COMMA = YES;
				CLANG_WARN_CONSTANT_CONVERSION = YES;
				CLANG_WARN_DEPRECATED_OBJC_IMPLEMENTATIONS = YES;
				CLANG_WARN_DIRECT_OBJC_ISA_USAGE = YES_ERROR;
				CLANG_WARN_DOCUMENTATION_COMMENTS = YES;
				CLANG_WARN_EMPTY_BODY = YES;
				CLANG_WARN_ENUM_CONVERSION = YES;
				CLANG_WARN_INFINITE_RECURSION = YES;
				CLANG_WARN_INT_CONVERSION = YES;
				CLANG_WARN_NON_LITERAL_NULL_CONVERSION = YES;
				CLANG_WARN_OBJC_IMPLICIT_RETAIN_SELF = YES;
				CLANG_WARN_OBJC_LITERAL_CONVERSION = YES;
				CLANG_WARN_OBJC_ROOT_CLASS = YES_ERROR;
				CLANG_WARN_QUOTED_INCLUDE_IN_FRAMEWORK_HEADER = YES;
				CLANG_WARN_RANGE_LOOP_ANALYSIS = YES;
				CLANG_WARN_STRICT_PROTOTYPES = YES;
				CLANG_WARN_SUSPICIOUS_MOVE = YES;
				CLANG_WARN_UNGUARDED_AVAILABILITY = YES_AGGRESSIVE;
				CLANG_WARN_UNREACHABLE_CODE = YES;
				CLANG_WARN__DUPLICATE_METHOD_MATCH = YES;
				COPY_PHASE_STRIP = NO;
				DEBUG_INFORMATION_FORMAT = dwarf;
				ENABLE_STRICT_OBJC_MSGSEND = YES;
				ENABLE_TESTABILITY = YES;
				GCC_C_LANGUAGE_STANDARD = gnu11;
				GCC_DYNAMIC_NO_PIC = NO;
				GCC_NO_COMMON_BLOCKS = YES;
				GCC_OPTIMIZATION_LEVEL = 0;
				GCC_PREPROCESSOR_DEFINITIONS = (
					"DEBUG=1",
					"$(inherited)",
				);
				GCC_WARN_64_TO_32_BIT_CONVERSION = YES;
				GCC_WARN_ABOUT_RETURN_TYPE = YES_ERROR;
				GCC_WARN_UNDECLARED_SELECTOR = YES;
				GCC_WARN_UNINITIALIZED_AUTOS = YES_AGGRESSIVE;
				GCC_WARN_UNUSED_FUNCTION = YES;
				GCC_WARN_UNUSED_VARIABLE = YES;
				IPHONEOS_DEPLOYMENT_TARGET = 15.5;
				MTL_ENABLE_DEBUG_INFO = INCLUDE_SOURCE;
				MTL_FAST_MATH = YES;
				ONLY_ACTIVE_ARCH = YES;
				SDKROOT = iphoneos;
				SWIFT_ACTIVE_COMPILATION_CONDITIONS = DEBUG;
				SWIFT_OPTIMIZATION_LEVEL = "-Onone";
			};
			name = Debug;
		};
		D3D0631E28B6C68B003110E2 /* Release */ = {
			isa = XCBuildConfiguration;
			buildSettings = {
				ALWAYS_SEARCH_USER_PATHS = NO;
				CLANG_ANALYZER_NONNULL = YES;
				CLANG_ANALYZER_NUMBER_OBJECT_CONVERSION = YES_AGGRESSIVE;
				CLANG_CXX_LANGUAGE_STANDARD = "gnu++17";
				CLANG_ENABLE_MODULES = YES;
				CLANG_ENABLE_OBJC_ARC = YES;
				CLANG_ENABLE_OBJC_WEAK = YES;
				CLANG_WARN_BLOCK_CAPTURE_AUTORELEASING = YES;
				CLANG_WARN_BOOL_CONVERSION = YES;
				CLANG_WARN_COMMA = YES;
				CLANG_WARN_CONSTANT_CONVERSION = YES;
				CLANG_WARN_DEPRECATED_OBJC_IMPLEMENTATIONS = YES;
				CLANG_WARN_DIRECT_OBJC_ISA_USAGE = YES_ERROR;
				CLANG_WARN_DOCUMENTATION_COMMENTS = YES;
				CLANG_WARN_EMPTY_BODY = YES;
				CLANG_WARN_ENUM_CONVERSION = YES;
				CLANG_WARN_INFINITE_RECURSION = YES;
				CLANG_WARN_INT_CONVERSION = YES;
				CLANG_WARN_NON_LITERAL_NULL_CONVERSION = YES;
				CLANG_WARN_OBJC_IMPLICIT_RETAIN_SELF = YES;
				CLANG_WARN_OBJC_LITERAL_CONVERSION = YES;
				CLANG_WARN_OBJC_ROOT_CLASS = YES_ERROR;
				CLANG_WARN_QUOTED_INCLUDE_IN_FRAMEWORK_HEADER = YES;
				CLANG_WARN_RANGE_LOOP_ANALYSIS = YES;
				CLANG_WARN_STRICT_PROTOTYPES = YES;
				CLANG_WARN_SUSPICIOUS_MOVE = YES;
				CLANG_WARN_UNGUARDED_AVAILABILITY = YES_AGGRESSIVE;
				CLANG_WARN_UNREACHABLE_CODE = YES;
				CLANG_WARN__DUPLICATE_METHOD_MATCH = YES;
				COPY_PHASE_STRIP = NO;
				DEBUG_INFORMATION_FORMAT = "dwarf-with-dsym";
				ENABLE_NS_ASSERTIONS = NO;
				ENABLE_STRICT_OBJC_MSGSEND = YES;
				GCC_C_LANGUAGE_STANDARD = gnu11;
				GCC_NO_COMMON_BLOCKS = YES;
				GCC_WARN_64_TO_32_BIT_CONVERSION = YES;
				GCC_WARN_ABOUT_RETURN_TYPE = YES_ERROR;
				GCC_WARN_UNDECLARED_SELECTOR = YES;
				GCC_WARN_UNINITIALIZED_AUTOS = YES_AGGRESSIVE;
				GCC_WARN_UNUSED_FUNCTION = YES;
				GCC_WARN_UNUSED_VARIABLE = YES;
				IPHONEOS_DEPLOYMENT_TARGET = 15.5;
				MTL_ENABLE_DEBUG_INFO = NO;
				MTL_FAST_MATH = YES;
				SDKROOT = iphoneos;
				SWIFT_COMPILATION_MODE = wholemodule;
				SWIFT_OPTIMIZATION_LEVEL = "-O";
				VALIDATE_PRODUCT = YES;
			};
			name = Release;
		};
		D3D0632028B6C68B003110E2 /* Debug */ = {
			isa = XCBuildConfiguration;
			buildSettings = {
				ASSETCATALOG_COMPILER_APPICON_NAME = AppIcon;
				ASSETCATALOG_COMPILER_GLOBAL_ACCENT_COLOR_NAME = AccentColor;
				CODE_SIGN_STYLE = Automatic;
				CURRENT_PROJECT_VERSION = 1;
				DEVELOPMENT_ASSET_PATHS = "\"TogglesDemo/Preview Content\"";
				DEVELOPMENT_TEAM = ZQPG4YV673;
				ENABLE_PREVIEWS = YES;
				GENERATE_INFOPLIST_FILE = YES;
				INFOPLIST_KEY_UIApplicationSceneManifest_Generation = YES;
				INFOPLIST_KEY_UIApplicationSupportsIndirectInputEvents = YES;
				INFOPLIST_KEY_UILaunchScreen_Generation = YES;
				INFOPLIST_KEY_UISupportedInterfaceOrientations_iPad = "UIInterfaceOrientationPortrait UIInterfaceOrientationPortraitUpsideDown UIInterfaceOrientationLandscapeLeft UIInterfaceOrientationLandscapeRight";
				INFOPLIST_KEY_UISupportedInterfaceOrientations_iPhone = "UIInterfaceOrientationPortrait UIInterfaceOrientationLandscapeLeft UIInterfaceOrientationLandscapeRight";
				LD_RUNPATH_SEARCH_PATHS = (
					"$(inherited)",
					"@executable_path/Frameworks",
				);
				MARKETING_VERSION = 1.0;
				PRODUCT_BUNDLE_IDENTIFIER = com.albertodebortoli.TogglesDemo;
				PRODUCT_NAME = "$(TARGET_NAME)";
				SWIFT_EMIT_LOC_STRINGS = YES;
				SWIFT_VERSION = 5.0;
				TARGETED_DEVICE_FAMILY = "1,2";
			};
			name = Debug;
		};
		D3D0632128B6C68B003110E2 /* Release */ = {
			isa = XCBuildConfiguration;
			buildSettings = {
				ASSETCATALOG_COMPILER_APPICON_NAME = AppIcon;
				ASSETCATALOG_COMPILER_GLOBAL_ACCENT_COLOR_NAME = AccentColor;
				CODE_SIGN_STYLE = Automatic;
				CURRENT_PROJECT_VERSION = 1;
				DEVELOPMENT_ASSET_PATHS = "\"TogglesDemo/Preview Content\"";
				DEVELOPMENT_TEAM = ZQPG4YV673;
				ENABLE_PREVIEWS = YES;
				GENERATE_INFOPLIST_FILE = YES;
				INFOPLIST_KEY_UIApplicationSceneManifest_Generation = YES;
				INFOPLIST_KEY_UIApplicationSupportsIndirectInputEvents = YES;
				INFOPLIST_KEY_UILaunchScreen_Generation = YES;
				INFOPLIST_KEY_UISupportedInterfaceOrientations_iPad = "UIInterfaceOrientationPortrait UIInterfaceOrientationPortraitUpsideDown UIInterfaceOrientationLandscapeLeft UIInterfaceOrientationLandscapeRight";
				INFOPLIST_KEY_UISupportedInterfaceOrientations_iPhone = "UIInterfaceOrientationPortrait UIInterfaceOrientationLandscapeLeft UIInterfaceOrientationLandscapeRight";
				LD_RUNPATH_SEARCH_PATHS = (
					"$(inherited)",
					"@executable_path/Frameworks",
				);
				MARKETING_VERSION = 1.0;
				PRODUCT_BUNDLE_IDENTIFIER = com.albertodebortoli.TogglesDemo;
				PRODUCT_NAME = "$(TARGET_NAME)";
				SWIFT_EMIT_LOC_STRINGS = YES;
				SWIFT_VERSION = 5.0;
				TARGETED_DEVICE_FAMILY = "1,2";
			};
			name = Release;
		};
/* End XCBuildConfiguration section */

/* Begin XCConfigurationList section */
		D3D0630C28B6C68A003110E2 /* Build configuration list for PBXProject "TogglesDemo" */ = {
			isa = XCConfigurationList;
			buildConfigurations = (
				D3D0631D28B6C68B003110E2 /* Debug */,
				D3D0631E28B6C68B003110E2 /* Release */,
			);
			defaultConfigurationIsVisible = 0;
			defaultConfigurationName = Release;
		};
		D3D0631F28B6C68B003110E2 /* Build configuration list for PBXNativeTarget "TogglesDemo" */ = {
			isa = XCConfigurationList;
			buildConfigurations = (
				D3D0632028B6C68B003110E2 /* Debug */,
				D3D0632128B6C68B003110E2 /* Release */,
			);
			defaultConfigurationIsVisible = 0;
			defaultConfigurationName = Release;
		};
/* End XCConfigurationList section */

/* Begin XCSwiftPackageProductDependency section */
		D3F41D0928D53ED500E56F65 /* Toggles */ = {
			isa = XCSwiftPackageProductDependency;
			productName = Toggles;
		};
/* End XCSwiftPackageProductDependency section */
	};
	rootObject = D3D0630928B6C68A003110E2 /* Project object */;
}
